Microsoft Visual Studio Solution File, Format Version 12.00
# Visual Studio Version 17
VisualStudioVersion = 17.5.2.0
MinimumVisualStudioVersion = 10.0.40219.1
Project("{FAE04EC0-301F-11D3-BF4B-00C04F79EFBC}") = "CSCPP-HavDistance", "CSCPP-HavDistance.csproj", "{91F22F6A-F3D3-4D1F-C52B-A2608CC69585}"
EndProject
Global
	GlobalSection(SolutionConfigurationPlatforms) = preSolution
		Debug|Any CPU = Debug|Any CPU
		Release|Any CPU = Release|Any CPU
	EndGlobalSection
	GlobalSection(ProjectConfigurationPlatforms) = postSolution
		{91F22F6A-F3D3-4D1F-C52B-A2608CC69585}.Debug|Any CPU.ActiveCfg = Debug|Any CPU
		{91F22F6A-F3D3-4D1F-C52B-A2608CC69585}.Debug|Any CPU.Build.0 = Debug|Any CPU
		{91F22F6A-F3D3-4D1F-C52B-A2608CC69585}.Release|Any CPU.ActiveCfg = Release|Any CPU
		{91F22F6A-F3D3-4D1F-C52B-A2608CC69585}.Release|Any CPU.Build.0 = Release|Any CPU
	EndGlobalSection
	GlobalSection(SolutionProperties) = preSolution
		HideSolutionNode = FALSE
	EndGlobalSection
	GlobalSection(ExtensibilityGlobals) = postSolution
		SolutionGuid = {C0491D71-0EFE-4ED8-8CCE-353693F14E5B}
	EndGlobalSection
EndGlobal
