Microsoft Visual Studio Solution File, Format Version 12.00
# Visual Studio Version 17
VisualStudioVersion = 17.5.2.0
MinimumVisualStudioVersion = 10.0.40219.1
Project("{FAE04EC0-301F-11D3-BF4B-00C04F79EFBC}") = "WinLinux2", "WinLinux2.csproj", "{E7AFEEA7-981F-DFB1-5265-AEEB7BC3B966}"
EndProject
Global
	GlobalSection(SolutionConfigurationPlatforms) = preSolution
		Debug|Any CPU = Debug|Any CPU
		Release|Any CPU = Release|Any CPU
	EndGlobalSection
	GlobalSection(ProjectConfigurationPlatforms) = postSolution
		{E7AFEEA7-981F-DFB1-5265-AEEB7BC3B966}.Debug|Any CPU.ActiveCfg = Debug|Any CPU
		{E7AFEEA7-981F-DFB1-5265-AEEB7BC3B966}.Debug|Any CPU.Build.0 = Debug|Any CPU
		{E7AFEEA7-981F-DFB1-5265-AEEB7BC3B966}.Release|Any CPU.ActiveCfg = Release|Any CPU
		{E7AFEEA7-981F-DFB1-5265-AEEB7BC3B966}.Release|Any CPU.Build.0 = Release|Any CPU
	EndGlobalSection
	GlobalSection(SolutionProperties) = preSolution
		HideSolutionNode = FALSE
	EndGlobalSection
	GlobalSection(ExtensibilityGlobals) = postSolution
		SolutionGuid = {A30768EE-55D5-41AF-AD40-3816FECE53A5}
	EndGlobalSection
EndGlobal
